// !$*UTF8*$!
{
	archiveVersion = 1;
	classes = {
	};
	objectVersion = 46;
	objects = {

/* Begin PBXBuildFile section */
		0E0C2AB58153F8C1FA6559F2 /* libPods-VCWeb.a in Frameworks */ = {isa = PBXBuildFile; fileRef = DB05519DF0D49DCE10DE33F9 /* libPods-VCWeb.a */; };
		D09C72BA1D23B68F0099CDC2 /* UUID.m in Sources */ = {isa = PBXBuildFile; fileRef = D09C72B91D23B68F0099CDC2 /* UUID.m */; };
		D09C72BD1D23B6A60099CDC2 /* KeyChainStore.m in Sources */ = {isa = PBXBuildFile; fileRef = D09C72BC1D23B6A60099CDC2 /* KeyChainStore.m */; };
		D09C72D81D23BACD0099CDC2 /* VCNetLocalString.strings in Resources */ = {isa = PBXBuildFile; fileRef = D09C72C01D23BACD0099CDC2 /* VCNetLocalString.strings */; };
		D09C72D91D23BACD0099CDC2 /* VCHttpClient.m in Sources */ = {isa = PBXBuildFile; fileRef = D09C72C41D23BACD0099CDC2 /* VCHttpClient.m */; };
		D09C72DA1D23BACD0099CDC2 /* VCNetRequestBaseService.m in Sources */ = {isa = PBXBuildFile; fileRef = D09C72C61D23BACD0099CDC2 /* VCNetRequestBaseService.m */; };
		D09C72DB1D23BACD0099CDC2 /* NSData+Base64.m in Sources */ = {isa = PBXBuildFile; fileRef = D09C72C91D23BACD0099CDC2 /* NSData+Base64.m */; };
		D09C72DC1D23BACD0099CDC2 /* NSDate+JavaTimeStampToDate.m in Sources */ = {isa = PBXBuildFile; fileRef = D09C72CB1D23BACD0099CDC2 /* NSDate+JavaTimeStampToDate.m */; };
		D09C72DD1D23BACD0099CDC2 /* NSMutableDictionary+ConvertShaToken.m in Sources */ = {isa = PBXBuildFile; fileRef = D09C72CD1D23BACD0099CDC2 /* NSMutableDictionary+ConvertShaToken.m */; };
		D09C72DE1D23BACD0099CDC2 /* NSString+MD5.m in Sources */ = {isa = PBXBuildFile; fileRef = D09C72CF1D23BACD0099CDC2 /* NSString+MD5.m */; };
		D09C72DF1D23BACD0099CDC2 /* NSString+Size.m in Sources */ = {isa = PBXBuildFile; fileRef = D09C72D11D23BACD0099CDC2 /* NSString+Size.m */; };
		D09C72E01D23BACD0099CDC2 /* NSString+VCBase64.m in Sources */ = {isa = PBXBuildFile; fileRef = D09C72D31D23BACD0099CDC2 /* NSString+VCBase64.m */; };
		D09C72E11D23BACD0099CDC2 /* NSString+VCSHA1.m in Sources */ = {isa = PBXBuildFile; fileRef = D09C72D51D23BACD0099CDC2 /* NSString+VCSHA1.m */; };
		D09C72E21D23BACD0099CDC2 /* SignatureUtils.m in Sources */ = {isa = PBXBuildFile; fileRef = D09C72D71D23BACD0099CDC2 /* SignatureUtils.m */; };
		D09C72E51D23BB1A0099CDC2 /* ServerEntity.m in Sources */ = {isa = PBXBuildFile; fileRef = D09C72E41D23BB1A0099CDC2 /* ServerEntity.m */; };
		D09C72E81D23BE0C0099CDC2 /* SerializeUtils.m in Sources */ = {isa = PBXBuildFile; fileRef = D09C72E71D23BE0C0099CDC2 /* SerializeUtils.m */; };
		D09C72EB1D23BF2C0099CDC2 /* VCRNService.m in Sources */ = {isa = PBXBuildFile; fileRef = D09C72EA1D23BF2C0099CDC2 /* VCRNService.m */; };
		D09C72ED1D24AA7D0099CDC2 /* CoreData.framework in Frameworks */ = {isa = PBXBuildFile; fileRef = D09C72EC1D24AA7D0099CDC2 /* CoreData.framework */; };
		D0DDC0F01D20BF32003A1F39 /* main.m in Sources */ = {isa = PBXBuildFile; fileRef = D0DDC0EF1D20BF32003A1F39 /* main.m */; };
		D0DDC0F31D20BF32003A1F39 /* AppDelegate.m in Sources */ = {isa = PBXBuildFile; fileRef = D0DDC0F21D20BF32003A1F39 /* AppDelegate.m */; };
		D0DDC0F61D20BF32003A1F39 /* ViewController.m in Sources */ = {isa = PBXBuildFile; fileRef = D0DDC0F51D20BF32003A1F39 /* ViewController.m */; };
		D0DDC0F91D20BF33003A1F39 /* Main.storyboard in Resources */ = {isa = PBXBuildFile; fileRef = D0DDC0F71D20BF33003A1F39 /* Main.storyboard */; };
		D0DDC0FB1D20BF33003A1F39 /* Assets.xcassets in Resources */ = {isa = PBXBuildFile; fileRef = D0DDC0FA1D20BF33003A1F39 /* Assets.xcassets */; };
		D0DDC0FE1D20BF33003A1F39 /* LaunchScreen.storyboard in Resources */ = {isa = PBXBuildFile; fileRef = D0DDC0FC1D20BF33003A1F39 /* LaunchScreen.storyboard */; };
		D0DDC10C1D211718003A1F39 /* loading_1@2x.png in Resources */ = {isa = PBXBuildFile; fileRef = D0DDC1061D211718003A1F39 /* loading_1@2x.png */; };
		D0DDC10D1D211718003A1F39 /* loading_2@2x.png in Resources */ = {isa = PBXBuildFile; fileRef = D0DDC1071D211718003A1F39 /* loading_2@2x.png */; };
		D0DDC10E1D211718003A1F39 /* loading_3@2x.png in Resources */ = {isa = PBXBuildFile; fileRef = D0DDC1081D211718003A1F39 /* loading_3@2x.png */; };
		D0DDC10F1D211718003A1F39 /* loading_4@2x.png in Resources */ = {isa = PBXBuildFile; fileRef = D0DDC1091D211718003A1F39 /* loading_4@2x.png */; };
		D0DDC1101D211718003A1F39 /* loading_5@2x.png in Resources */ = {isa = PBXBuildFile; fileRef = D0DDC10A1D211718003A1F39 /* loading_5@2x.png */; };
		D0DDC1111D211718003A1F39 /* loading_6@2x.png in Resources */ = {isa = PBXBuildFile; fileRef = D0DDC10B1D211718003A1F39 /* loading_6@2x.png */; };
		D0DDC1141D212510003A1F39 /* NewsResponde.m in Sources */ = {isa = PBXBuildFile; fileRef = D0DDC1131D212510003A1F39 /* NewsResponde.m */; };
		D0DDC1171D23612D003A1F39 /* VCWebBrowserController.m in Sources */ = {isa = PBXBuildFile; fileRef = D0DDC1161D23612D003A1F39 /* VCWebBrowserController.m */; };
		D0DDC11F1D23960A003A1F39 /* CTMediator+CTMediatorModuleAActions.m in Sources */ = {isa = PBXBuildFile; fileRef = D0DDC11C1D23960A003A1F39 /* CTMediator+CTMediatorModuleAActions.m */; };
		D0DDC1201D23960A003A1F39 /* CTMediator.m in Sources */ = {isa = PBXBuildFile; fileRef = D0DDC11E1D23960A003A1F39 /* CTMediator.m */; };
		D0FF48581D2B8A8A00184806 /* VCWebView.m in Sources */ = {isa = PBXBuildFile; fileRef = D0FF48571D2B8A8A00184806 /* VCWebView.m */; };
/* End PBXBuildFile section */

/* Begin PBXFileReference section */
		80738C21CFFDE20B39502C67 /* Pods-VCWeb.release.xcconfig */ = {isa = PBXFileReference; includeInIndex = 1; lastKnownFileType = text.xcconfig; name = "Pods-VCWeb.release.xcconfig"; path = "Pods/Target Support Files/Pods-VCWeb/Pods-VCWeb.release.xcconfig"; sourceTree = "<group>"; };
		A6DFCFB74DFA6835054558B7 /* Pods-VCWeb.debug.xcconfig */ = {isa = PBXFileReference; includeInIndex = 1; lastKnownFileType = text.xcconfig; name = "Pods-VCWeb.debug.xcconfig"; path = "Pods/Target Support Files/Pods-VCWeb/Pods-VCWeb.debug.xcconfig"; sourceTree = "<group>"; };
		D09C72B81D23B68F0099CDC2 /* UUID.h */ = {isa = PBXFileReference; fileEncoding = 4; lastKnownFileType = sourcecode.c.h; path = UUID.h; sourceTree = "<group>"; };
		D09C72B91D23B68F0099CDC2 /* UUID.m */ = {isa = PBXFileReference; fileEncoding = 4; lastKnownFileType = sourcecode.c.objc; path = UUID.m; sourceTree = "<group>"; };
		D09C72BB1D23B6A60099CDC2 /* KeyChainStore.h */ = {isa = PBXFileReference; fileEncoding = 4; lastKnownFileType = sourcecode.c.h; path = KeyChainStore.h; sourceTree = "<group>"; };
		D09C72BC1D23B6A60099CDC2 /* KeyChainStore.m */ = {isa = PBXFileReference; fileEncoding = 4; lastKnownFileType = sourcecode.c.objc; path = KeyChainStore.m; sourceTree = "<group>"; };
		D09C72C11D23BACD0099CDC2 /* Base */ = {isa = PBXFileReference; lastKnownFileType = text.plist.strings; name = Base; path = Base.lproj/VCNetLocalString.strings; sourceTree = "<group>"; };
		D09C72C21D23BACD0099CDC2 /* en */ = {isa = PBXFileReference; lastKnownFileType = text.plist.strings; name = en; path = en.lproj/VCNetLocalString.strings; sourceTree = "<group>"; };
		D09C72C31D23BACD0099CDC2 /* VCHttpClient.h */ = {isa = PBXFileReference; fileEncoding = 4; lastKnownFileType = sourcecode.c.h; path = VCHttpClient.h; sourceTree = "<group>"; };
		D09C72C41D23BACD0099CDC2 /* VCHttpClient.m */ = {isa = PBXFileReference; fileEncoding = 4; lastKnownFileType = sourcecode.c.objc; path = VCHttpClient.m; sourceTree = "<group>"; };
		D09C72C51D23BACD0099CDC2 /* VCNetRequestBaseService.h */ = {isa = PBXFileReference; fileEncoding = 4; lastKnownFileType = sourcecode.c.h; path = VCNetRequestBaseService.h; sourceTree = "<group>"; };
		D09C72C61D23BACD0099CDC2 /* VCNetRequestBaseService.m */ = {isa = PBXFileReference; fileEncoding = 4; lastKnownFileType = sourcecode.c.objc; path = VCNetRequestBaseService.m; sourceTree = "<group>"; };
		D09C72C81D23BACD0099CDC2 /* NSData+Base64.h */ = {isa = PBXFileReference; fileEncoding = 4; lastKnownFileType = sourcecode.c.h; path = "NSData+Base64.h"; sourceTree = "<group>"; };
		D09C72C91D23BACD0099CDC2 /* NSData+Base64.m */ = {isa = PBXFileReference; fileEncoding = 4; lastKnownFileType = sourcecode.c.objc; path = "NSData+Base64.m"; sourceTree = "<group>"; };
		D09C72CA1D23BACD0099CDC2 /* NSDate+JavaTimeStampToDate.h */ = {isa = PBXFileReference; fileEncoding = 4; lastKnownFileType = sourcecode.c.h; path = "NSDate+JavaTimeStampToDate.h"; sourceTree = "<group>"; };
		D09C72CB1D23BACD0099CDC2 /* NSDate+JavaTimeStampToDate.m */ = {isa = PBXFileReference; fileEncoding = 4; lastKnownFileType = sourcecode.c.objc; path = "NSDate+JavaTimeStampToDate.m"; sourceTree = "<group>"; };
		D09C72CC1D23BACD0099CDC2 /* NSMutableDictionary+ConvertShaToken.h */ = {isa = PBXFileReference; fileEncoding = 4; lastKnownFileType = sourcecode.c.h; path = "NSMutableDictionary+ConvertShaToken.h"; sourceTree = "<group>"; };
		D09C72CD1D23BACD0099CDC2 /* NSMutableDictionary+ConvertShaToken.m */ = {isa = PBXFileReference; fileEncoding = 4; lastKnownFileType = sourcecode.c.objc; path = "NSMutableDictionary+ConvertShaToken.m"; sourceTree = "<group>"; };
		D09C72CE1D23BACD0099CDC2 /* NSString+MD5.h */ = {isa = PBXFileReference; fileEncoding = 4; lastKnownFileType = sourcecode.c.h; path = "NSString+MD5.h"; sourceTree = "<group>"; };
		D09C72CF1D23BACD0099CDC2 /* NSString+MD5.m */ = {isa = PBXFileReference; fileEncoding = 4; lastKnownFileType = sourcecode.c.objc; path = "NSString+MD5.m"; sourceTree = "<group>"; };
		D09C72D01D23BACD0099CDC2 /* NSString+Size.h */ = {isa = PBXFileReference; fileEncoding = 4; lastKnownFileType = sourcecode.c.h; path = "NSString+Size.h"; sourceTree = "<group>"; };
		D09C72D11D23BACD0099CDC2 /* NSString+Size.m */ = {isa = PBXFileReference; fileEncoding = 4; lastKnownFileType = sourcecode.c.objc; path = "NSString+Size.m"; sourceTree = "<group>"; };
		D09C72D21D23BACD0099CDC2 /* NSString+VCBase64.h */ = {isa = PBXFileReference; fileEncoding = 4; lastKnownFileType = sourcecode.c.h; path = "NSString+VCBase64.h"; sourceTree = "<group>"; };
		D09C72D31D23BACD0099CDC2 /* NSString+VCBase64.m */ = {isa = PBXFileReference; fileEncoding = 4; lastKnownFileType = sourcecode.c.objc; path = "NSString+VCBase64.m"; sourceTree = "<group>"; };
		D09C72D41D23BACD0099CDC2 /* NSString+VCSHA1.h */ = {isa = PBXFileReference; fileEncoding = 4; lastKnownFileType = sourcecode.c.h; path = "NSString+VCSHA1.h"; sourceTree = "<group>"; };
		D09C72D51D23BACD0099CDC2 /* NSString+VCSHA1.m */ = {isa = PBXFileReference; fileEncoding = 4; lastKnownFileType = sourcecode.c.objc; path = "NSString+VCSHA1.m"; sourceTree = "<group>"; };
		D09C72D61D23BACD0099CDC2 /* SignatureUtils.h */ = {isa = PBXFileReference; fileEncoding = 4; lastKnownFileType = sourcecode.c.h; path = SignatureUtils.h; sourceTree = "<group>"; };
		D09C72D71D23BACD0099CDC2 /* SignatureUtils.m */ = {isa = PBXFileReference; fileEncoding = 4; lastKnownFileType = sourcecode.c.objc; path = SignatureUtils.m; sourceTree = "<group>"; };
		D09C72E31D23BB1A0099CDC2 /* ServerEntity.h */ = {isa = PBXFileReference; fileEncoding = 4; lastKnownFileType = sourcecode.c.h; path = ServerEntity.h; sourceTree = "<group>"; };
		D09C72E41D23BB1A0099CDC2 /* ServerEntity.m */ = {isa = PBXFileReference; fileEncoding = 4; lastKnownFileType = sourcecode.c.objc; path = ServerEntity.m; sourceTree = "<group>"; };
		D09C72E61D23BE0C0099CDC2 /* SerializeUtils.h */ = {isa = PBXFileReference; fileEncoding = 4; lastKnownFileType = sourcecode.c.h; path = SerializeUtils.h; sourceTree = "<group>"; };
		D09C72E71D23BE0C0099CDC2 /* SerializeUtils.m */ = {isa = PBXFileReference; fileEncoding = 4; lastKnownFileType = sourcecode.c.objc; path = SerializeUtils.m; sourceTree = "<group>"; };
		D09C72E91D23BF2C0099CDC2 /* VCRNService.h */ = {isa = PBXFileReference; fileEncoding = 4; lastKnownFileType = sourcecode.c.h; path = VCRNService.h; sourceTree = "<group>"; };
		D09C72EA1D23BF2C0099CDC2 /* VCRNService.m */ = {isa = PBXFileReference; fileEncoding = 4; lastKnownFileType = sourcecode.c.objc; path = VCRNService.m; sourceTree = "<group>"; };
		D09C72EC1D24AA7D0099CDC2 /* CoreData.framework */ = {isa = PBXFileReference; lastKnownFileType = wrapper.framework; name = CoreData.framework; path = System/Library/Frameworks/CoreData.framework; sourceTree = SDKROOT; };
		D0DDC0EB1D20BF32003A1F39 /* VCWeb.app */ = {isa = PBXFileReference; explicitFileType = wrapper.application; includeInIndex = 0; path = VCWeb.app; sourceTree = BUILT_PRODUCTS_DIR; };
		D0DDC0EF1D20BF32003A1F39 /* main.m */ = {isa = PBXFileReference; lastKnownFileType = sourcecode.c.objc; path = main.m; sourceTree = "<group>"; };
		D0DDC0F11D20BF32003A1F39 /* AppDelegate.h */ = {isa = PBXFileReference; lastKnownFileType = sourcecode.c.h; path = AppDelegate.h; sourceTree = "<group>"; };
		D0DDC0F21D20BF32003A1F39 /* AppDelegate.m */ = {isa = PBXFileReference; lastKnownFileType = sourcecode.c.objc; path = AppDelegate.m; sourceTree = "<group>"; };
		D0DDC0F41D20BF32003A1F39 /* ViewController.h */ = {isa = PBXFileReference; lastKnownFileType = sourcecode.c.h; path = ViewController.h; sourceTree = "<group>"; };
		D0DDC0F51D20BF32003A1F39 /* ViewController.m */ = {isa = PBXFileReference; lastKnownFileType = sourcecode.c.objc; path = ViewController.m; sourceTree = "<group>"; };
		D0DDC0F81D20BF33003A1F39 /* Base */ = {isa = PBXFileReference; lastKnownFileType = file.storyboard; name = Base; path = Base.lproj/Main.storyboard; sourceTree = "<group>"; };
		D0DDC0FA1D20BF33003A1F39 /* Assets.xcassets */ = {isa = PBXFileReference; lastKnownFileType = folder.assetcatalog; path = Assets.xcassets; sourceTree = "<group>"; };
		D0DDC0FD1D20BF33003A1F39 /* Base */ = {isa = PBXFileReference; lastKnownFileType = file.storyboard; name = Base; path = Base.lproj/LaunchScreen.storyboard; sourceTree = "<group>"; };
		D0DDC0FF1D20BF33003A1F39 /* Info.plist */ = {isa = PBXFileReference; lastKnownFileType = text.plist.xml; path = Info.plist; sourceTree = "<group>"; };
		D0DDC1061D211718003A1F39 /* loading_1@2x.png */ = {isa = PBXFileReference; lastKnownFileType = image.png; path = "loading_1@2x.png"; sourceTree = "<group>"; };
		D0DDC1071D211718003A1F39 /* loading_2@2x.png */ = {isa = PBXFileReference; lastKnownFileType = image.png; path = "loading_2@2x.png"; sourceTree = "<group>"; };
		D0DDC1081D211718003A1F39 /* loading_3@2x.png */ = {isa = PBXFileReference; lastKnownFileType = image.png; path = "loading_3@2x.png"; sourceTree = "<group>"; };
		D0DDC1091D211718003A1F39 /* loading_4@2x.png */ = {isa = PBXFileReference; lastKnownFileType = image.png; path = "loading_4@2x.png"; sourceTree = "<group>"; };
		D0DDC10A1D211718003A1F39 /* loading_5@2x.png */ = {isa = PBXFileReference; lastKnownFileType = image.png; path = "loading_5@2x.png"; sourceTree = "<group>"; };
		D0DDC10B1D211718003A1F39 /* loading_6@2x.png */ = {isa = PBXFileReference; lastKnownFileType = image.png; path = "loading_6@2x.png"; sourceTree = "<group>"; };
		D0DDC1121D212510003A1F39 /* NewsResponde.h */ = {isa = PBXFileReference; fileEncoding = 4; lastKnownFileType = sourcecode.c.h; path = NewsResponde.h; sourceTree = "<group>"; };
		D0DDC1131D212510003A1F39 /* NewsResponde.m */ = {isa = PBXFileReference; fileEncoding = 4; lastKnownFileType = sourcecode.c.objc; path = NewsResponde.m; sourceTree = "<group>"; };
		D0DDC1151D23612D003A1F39 /* VCWebBrowserController.h */ = {isa = PBXFileReference; fileEncoding = 4; lastKnownFileType = sourcecode.c.h; path = VCWebBrowserController.h; sourceTree = "<group>"; };
		D0DDC1161D23612D003A1F39 /* VCWebBrowserController.m */ = {isa = PBXFileReference; fileEncoding = 4; lastKnownFileType = sourcecode.c.objc; path = VCWebBrowserController.m; sourceTree = "<group>"; };
		D0DDC11B1D23960A003A1F39 /* CTMediator+CTMediatorModuleAActions.h */ = {isa = PBXFileReference; fileEncoding = 4; lastKnownFileType = sourcecode.c.h; path = "CTMediator+CTMediatorModuleAActions.h"; sourceTree = "<group>"; };
		D0DDC11C1D23960A003A1F39 /* CTMediator+CTMediatorModuleAActions.m */ = {isa = PBXFileReference; fileEncoding = 4; lastKnownFileType = sourcecode.c.objc; path = "CTMediator+CTMediatorModuleAActions.m"; sourceTree = "<group>"; };
		D0DDC11D1D23960A003A1F39 /* CTMediator.h */ = {isa = PBXFileReference; fileEncoding = 4; lastKnownFileType = sourcecode.c.h; path = CTMediator.h; sourceTree = "<group>"; };
		D0DDC11E1D23960A003A1F39 /* CTMediator.m */ = {isa = PBXFileReference; fileEncoding = 4; lastKnownFileType = sourcecode.c.objc; path = CTMediator.m; sourceTree = "<group>"; };
		D0FF48561D2B8A8A00184806 /* VCWebView.h */ = {isa = PBXFileReference; fileEncoding = 4; lastKnownFileType = sourcecode.c.h; path = VCWebView.h; sourceTree = "<group>"; };
		D0FF48571D2B8A8A00184806 /* VCWebView.m */ = {isa = PBXFileReference; fileEncoding = 4; lastKnownFileType = sourcecode.c.objc; path = VCWebView.m; sourceTree = "<group>"; };
		DB05519DF0D49DCE10DE33F9 /* libPods-VCWeb.a */ = {isa = PBXFileReference; explicitFileType = archive.ar; includeInIndex = 0; path = "libPods-VCWeb.a"; sourceTree = BUILT_PRODUCTS_DIR; };
/* End PBXFileReference section */

/* Begin PBXFrameworksBuildPhase section */
		D0DDC0E81D20BF32003A1F39 /* Frameworks */ = {
			isa = PBXFrameworksBuildPhase;
			buildActionMask = 2147483647;
			files = (
				D09C72ED1D24AA7D0099CDC2 /* CoreData.framework in Frameworks */,
				0E0C2AB58153F8C1FA6559F2 /* libPods-VCWeb.a in Frameworks */,
			);
			runOnlyForDeploymentPostprocessing = 0;
		};
/* End PBXFrameworksBuildPhase section */

/* Begin PBXGroup section */
		07283F668AA91797D4205CDE /* Frameworks */ = {
			isa = PBXGroup;
			children = (
				D09C72EC1D24AA7D0099CDC2 /* CoreData.framework */,
				DB05519DF0D49DCE10DE33F9 /* libPods-VCWeb.a */,
			);
			name = Frameworks;
			sourceTree = "<group>";
		};
		5936297ABEC1ED434836A335 /* Pods */ = {
			isa = PBXGroup;
			children = (
				A6DFCFB74DFA6835054558B7 /* Pods-VCWeb.debug.xcconfig */,
				80738C21CFFDE20B39502C67 /* Pods-VCWeb.release.xcconfig */,
			);
			name = Pods;
			sourceTree = "<group>";
		};
		D09C72BE1D23BACD0099CDC2 /* VCNetService */ = {
			isa = PBXGroup;
			children = (
				D09C72E91D23BF2C0099CDC2 /* VCRNService.h */,
				D09C72EA1D23BF2C0099CDC2 /* VCRNService.m */,
				D09C72BF1D23BACD0099CDC2 /* RequestService */,
				D09C72C71D23BACD0099CDC2 /* Signature */,
			);
			path = VCNetService;
			sourceTree = "<group>";
		};
		D09C72BF1D23BACD0099CDC2 /* RequestService */ = {
			isa = PBXGroup;
			children = (
				D09C72C01D23BACD0099CDC2 /* VCNetLocalString.strings */,
				D09C72C31D23BACD0099CDC2 /* VCHttpClient.h */,
				D09C72C41D23BACD0099CDC2 /* VCHttpClient.m */,
				D09C72E31D23BB1A0099CDC2 /* ServerEntity.h */,
				D09C72E41D23BB1A0099CDC2 /* ServerEntity.m */,
				D09C72C51D23BACD0099CDC2 /* VCNetRequestBaseService.h */,
				D09C72C61D23BACD0099CDC2 /* VCNetRequestBaseService.m */,
			);
			path = RequestService;
			sourceTree = "<group>";
		};
		D09C72C71D23BACD0099CDC2 /* Signature */ = {
			isa = PBXGroup;
			children = (
				D09C72C81D23BACD0099CDC2 /* NSData+Base64.h */,
				D09C72C91D23BACD0099CDC2 /* NSData+Base64.m */,
				D09C72CA1D23BACD0099CDC2 /* NSDate+JavaTimeStampToDate.h */,
				D09C72CB1D23BACD0099CDC2 /* NSDate+JavaTimeStampToDate.m */,
				D09C72CC1D23BACD0099CDC2 /* NSMutableDictionary+ConvertShaToken.h */,
				D09C72CD1D23BACD0099CDC2 /* NSMutableDictionary+ConvertShaToken.m */,
				D09C72CE1D23BACD0099CDC2 /* NSString+MD5.h */,
				D09C72CF1D23BACD0099CDC2 /* NSString+MD5.m */,
				D09C72D01D23BACD0099CDC2 /* NSString+Size.h */,
				D09C72D11D23BACD0099CDC2 /* NSString+Size.m */,
				D09C72D21D23BACD0099CDC2 /* NSString+VCBase64.h */,
				D09C72D31D23BACD0099CDC2 /* NSString+VCBase64.m */,
				D09C72D41D23BACD0099CDC2 /* NSString+VCSHA1.h */,
				D09C72D51D23BACD0099CDC2 /* NSString+VCSHA1.m */,
				D09C72D61D23BACD0099CDC2 /* SignatureUtils.h */,
				D09C72D71D23BACD0099CDC2 /* SignatureUtils.m */,
				D09C72E61D23BE0C0099CDC2 /* SerializeUtils.h */,
				D09C72E71D23BE0C0099CDC2 /* SerializeUtils.m */,
			);
			path = Signature;
			sourceTree = "<group>";
		};
		D0DDC0E21D20BF32003A1F39 = {
			isa = PBXGroup;
			children = (
				D0DDC0ED1D20BF32003A1F39 /* VCWeb */,
				D0DDC0EC1D20BF32003A1F39 /* Products */,
				5936297ABEC1ED434836A335 /* Pods */,
				07283F668AA91797D4205CDE /* Frameworks */,
			);
			sourceTree = "<group>";
		};
		D0DDC0EC1D20BF32003A1F39 /* Products */ = {
			isa = PBXGroup;
			children = (
				D0DDC0EB1D20BF32003A1F39 /* VCWeb.app */,
			);
			name = Products;
			sourceTree = "<group>";
		};
		D0DDC0ED1D20BF32003A1F39 /* VCWeb */ = {
			isa = PBXGroup;
			children = (
				D0DDC1051D211718003A1F39 /* loading_images */,
				D0DDC0F11D20BF32003A1F39 /* AppDelegate.h */,
				D0DDC0F21D20BF32003A1F39 /* AppDelegate.m */,
				D0DDC0F41D20BF32003A1F39 /* ViewController.h */,
				D0DDC0F51D20BF32003A1F39 /* ViewController.m */,
				D0DDC1151D23612D003A1F39 /* VCWebBrowserController.h */,
				D0DDC1161D23612D003A1F39 /* VCWebBrowserController.m */,
				D0DDC1121D212510003A1F39 /* NewsResponde.h */,
				D0DDC1131D212510003A1F39 /* NewsResponde.m */,
				D0DDC0F71D20BF33003A1F39 /* Main.storyboard */,
				D0DDC0FA1D20BF33003A1F39 /* Assets.xcassets */,
				D0DDC0FC1D20BF33003A1F39 /* LaunchScreen.storyboard */,
				D0DDC0FF1D20BF33003A1F39 /* Info.plist */,
				D09C72BE1D23BACD0099CDC2 /* VCNetService */,
				D0DDC1181D23960A003A1F39 /* CTMediator */,
				D0DDC0EE1D20BF32003A1F39 /* Supporting Files */,
				D09C72B81D23B68F0099CDC2 /* UUID.h */,
				D09C72B91D23B68F0099CDC2 /* UUID.m */,
				D0FF48561D2B8A8A00184806 /* VCWebView.h */,
				D0FF48571D2B8A8A00184806 /* VCWebView.m */,
				D09C72BB1D23B6A60099CDC2 /* KeyChainStore.h */,
				D09C72BC1D23B6A60099CDC2 /* KeyChainStore.m */,
			);
			path = VCWeb;
			sourceTree = "<group>";
		};
		D0DDC0EE1D20BF32003A1F39 /* Supporting Files */ = {
			isa = PBXGroup;
			children = (
				D0DDC0EF1D20BF32003A1F39 /* main.m */,
			);
			name = "Supporting Files";
			sourceTree = "<group>";
		};
		D0DDC1051D211718003A1F39 /* loading_images */ = {
			isa = PBXGroup;
			children = (
				D0DDC1061D211718003A1F39 /* loading_1@2x.png */,
				D0DDC1071D211718003A1F39 /* loading_2@2x.png */,
				D0DDC1081D211718003A1F39 /* loading_3@2x.png */,
				D0DDC1091D211718003A1F39 /* loading_4@2x.png */,
				D0DDC10A1D211718003A1F39 /* loading_5@2x.png */,
				D0DDC10B1D211718003A1F39 /* loading_6@2x.png */,
			);
			path = loading_images;
			sourceTree = "<group>";
		};
		D0DDC1181D23960A003A1F39 /* CTMediator */ = {
			isa = PBXGroup;
			children = (
				D0DDC1191D23960A003A1F39 /* Categories */,
				D0DDC11D1D23960A003A1F39 /* CTMediator.h */,
				D0DDC11E1D23960A003A1F39 /* CTMediator.m */,
			);
			path = CTMediator;
			sourceTree = "<group>";
		};
		D0DDC1191D23960A003A1F39 /* Categories */ = {
			isa = PBXGroup;
			children = (
				D0DDC11A1D23960A003A1F39 /* ModuleA */,
			);
			path = Categories;
			sourceTree = "<group>";
		};
		D0DDC11A1D23960A003A1F39 /* ModuleA */ = {
			isa = PBXGroup;
			children = (
				D0DDC11B1D23960A003A1F39 /* CTMediator+CTMediatorModuleAActions.h */,
				D0DDC11C1D23960A003A1F39 /* CTMediator+CTMediatorModuleAActions.m */,
			);
			path = ModuleA;
			sourceTree = "<group>";
		};
/* End PBXGroup section */

/* Begin PBXNativeTarget section */
		D0DDC0EA1D20BF32003A1F39 /* VCWeb */ = {
			isa = PBXNativeTarget;
			buildConfigurationList = D0DDC1021D20BF33003A1F39 /* Build configuration list for PBXNativeTarget "VCWeb" */;
			buildPhases = (
				A3D72DDA759EFAD7462CFE28 /* Check Pods Manifest.lock */,
				D0DDC0E71D20BF32003A1F39 /* Sources */,
				D0DDC0E81D20BF32003A1F39 /* Frameworks */,
				D0DDC0E91D20BF32003A1F39 /* Resources */,
				044AFC7035ADBFD43C1DFA32 /* Embed Pods Frameworks */,
				095F4FB9D41FE0891216CAEB /* Copy Pods Resources */,
			);
			buildRules = (
			);
			dependencies = (
			);
			name = VCWeb;
			productName = VCWeb;
			productReference = D0DDC0EB1D20BF32003A1F39 /* VCWeb.app */;
			productType = "com.apple.product-type.application";
		};
/* End PBXNativeTarget section */

/* Begin PBXProject section */
		D0DDC0E31D20BF32003A1F39 /* Project object */ = {
			isa = PBXProject;
			attributes = {
				LastUpgradeCheck = 0730;
				ORGANIZATIONNAME = VcaiTech;
				TargetAttributes = {
					D0DDC0EA1D20BF32003A1F39 = {
						CreatedOnToolsVersion = 7.3.1;
					};
				};
			};
			buildConfigurationList = D0DDC0E61D20BF32003A1F39 /* Build configuration list for PBXProject "VCWeb" */;
			compatibilityVersion = "Xcode 3.2";
			developmentRegion = English;
			hasScannedForEncodings = 0;
			knownRegions = (
				en,
				Base,
			);
			mainGroup = D0DDC0E21D20BF32003A1F39;
			productRefGroup = D0DDC0EC1D20BF32003A1F39 /* Products */;
			projectDirPath = "";
			projectRoot = "";
			targets = (
				D0DDC0EA1D20BF32003A1F39 /* VCWeb */,
			);
		};
/* End PBXProject section */

/* Begin PBXResourcesBuildPhase section */
		D0DDC0E91D20BF32003A1F39 /* Resources */ = {
			isa = PBXResourcesBuildPhase;
			buildActionMask = 2147483647;
			files = (
				D0DDC0FE1D20BF33003A1F39 /* LaunchScreen.storyboard in Resources */,
				D0DDC0FB1D20BF33003A1F39 /* Assets.xcassets in Resources */,
				D0DDC0F91D20BF33003A1F39 /* Main.storyboard in Resources */,
				D0DDC1111D211718003A1F39 /* loading_6@2x.png in Resources */,
				D0DDC10E1D211718003A1F39 /* loading_3@2x.png in Resources */,
				D0DDC10D1D211718003A1F39 /* loading_2@2x.png in Resources */,
				D09C72D81D23BACD0099CDC2 /* VCNetLocalString.strings in Resources */,
				D0DDC10C1D211718003A1F39 /* loading_1@2x.png in Resources */,
				D0DDC10F1D211718003A1F39 /* loading_4@2x.png in Resources */,
				D0DDC1101D211718003A1F39 /* loading_5@2x.png in Resources */,
			);
			runOnlyForDeploymentPostprocessing = 0;
		};
/* End PBXResourcesBuildPhase section */

/* Begin PBXShellScriptBuildPhase section */
		044AFC7035ADBFD43C1DFA32 /* Embed Pods Frameworks */ = {
			isa = PBXShellScriptBuildPhase;
			buildActionMask = 2147483647;
			files = (
			);
			inputPaths = (
			);
			name = "Embed Pods Frameworks";
			outputPaths = (
			);
			runOnlyForDeploymentPostprocessing = 0;
			shellPath = /bin/sh;
			shellScript = "\"${SRCROOT}/Pods/Target Support Files/Pods-VCWeb/Pods-VCWeb-frameworks.sh\"\n";
			showEnvVarsInLog = 0;
		};
		095F4FB9D41FE0891216CAEB /* Copy Pods Resources */ = {
			isa = PBXShellScriptBuildPhase;
			buildActionMask = 2147483647;
			files = (
			);
			inputPaths = (
			);
			name = "Copy Pods Resources";
			outputPaths = (
			);
			runOnlyForDeploymentPostprocessing = 0;
			shellPath = /bin/sh;
			shellScript = "\"${SRCROOT}/Pods/Target Support Files/Pods-VCWeb/Pods-VCWeb-resources.sh\"\n";
			showEnvVarsInLog = 0;
		};
		A3D72DDA759EFAD7462CFE28 /* Check Pods Manifest.lock */ = {
			isa = PBXShellScriptBuildPhase;
			buildActionMask = 2147483647;
			files = (
			);
			inputPaths = (
			);
			name = "Check Pods Manifest.lock";
			outputPaths = (
			);
			runOnlyForDeploymentPostprocessing = 0;
			shellPath = /bin/sh;
			shellScript = "diff \"${PODS_ROOT}/../Podfile.lock\" \"${PODS_ROOT}/Manifest.lock\" > /dev/null\nif [[ $? != 0 ]] ; then\n    cat << EOM\nerror: The sandbox is not in sync with the Podfile.lock. Run 'pod install' or update your CocoaPods installation.\nEOM\n    exit 1\nfi\n";
			showEnvVarsInLog = 0;
		};
/* End PBXShellScriptBuildPhase section */

/* Begin PBXSourcesBuildPhase section */
		D0DDC0E71D20BF32003A1F39 /* Sources */ = {
			isa = PBXSourcesBuildPhase;
			buildActionMask = 2147483647;
			files = (
				D09C72DC1D23BACD0099CDC2 /* NSDate+JavaTimeStampToDate.m in Sources */,
				D09C72BA1D23B68F0099CDC2 /* UUID.m in Sources */,
				D09C72DD1D23BACD0099CDC2 /* NSMutableDictionary+ConvertShaToken.m in Sources */,
				D09C72E11D23BACD0099CDC2 /* NSString+VCSHA1.m in Sources */,
				D0DDC0F61D20BF32003A1F39 /* ViewController.m in Sources */,
				D09C72E51D23BB1A0099CDC2 /* ServerEntity.m in Sources */,
				D0DDC1171D23612D003A1F39 /* VCWebBrowserController.m in Sources */,
				D0DDC0F31D20BF32003A1F39 /* AppDelegate.m in Sources */,
				D0FF48581D2B8A8A00184806 /* VCWebView.m in Sources */,
				D09C72BD1D23B6A60099CDC2 /* KeyChainStore.m in Sources */,
				D09C72E81D23BE0C0099CDC2 /* SerializeUtils.m in Sources */,
				D09C72DB1D23BACD0099CDC2 /* NSData+Base64.m in Sources */,
				D09C72DF1D23BACD0099CDC2 /* NSString+Size.m in Sources */,
				D09C72D91D23BACD0099CDC2 /* VCHttpClient.m in Sources */,
				D09C72E01D23BACD0099CDC2 /* NSString+VCBase64.m in Sources */,
				D09C72E21D23BACD0099CDC2 /* SignatureUtils.m in Sources */,
				D0DDC1141D212510003A1F39 /* NewsResponde.m in Sources */,
				D09C72DA1D23BACD0099CDC2 /* VCNetRequestBaseService.m in Sources */,
				D0DDC0F01D20BF32003A1F39 /* main.m in Sources */,
				D09C72EB1D23BF2C0099CDC2 /* VCRNService.m in Sources */,
				D09C72DE1D23BACD0099CDC2 /* NSString+MD5.m in Sources */,
				D0DDC11F1D23960A003A1F39 /* CTMediator+CTMediatorModuleAActions.m in Sources */,
				D0DDC1201D23960A003A1F39 /* CTMediator.m in Sources */,
			);
			runOnlyForDeploymentPostprocessing = 0;
		};
/* End PBXSourcesBuildPhase section */

/* Begin PBXVariantGroup section */
		D09C72C01D23BACD0099CDC2 /* VCNetLocalString.strings */ = {
			isa = PBXVariantGroup;
			children = (
				D09C72C11D23BACD0099CDC2 /* Base */,
				D09C72C21D23BACD0099CDC2 /* en */,
			);
			name = VCNetLocalString.strings;
			sourceTree = "<group>";
		};
		D0DDC0F71D20BF33003A1F39 /* Main.storyboard */ = {
			isa = PBXVariantGroup;
			children = (
				D0DDC0F81D20BF33003A1F39 /* Base */,
			);
			name = Main.storyboard;
			sourceTree = "<group>";
		};
		D0DDC0FC1D20BF33003A1F39 /* LaunchScreen.storyboard */ = {
			isa = PBXVariantGroup;
			children = (
				D0DDC0FD1D20BF33003A1F39 /* Base */,
			);
			name = LaunchScreen.storyboard;
			sourceTree = "<group>";
		};
/* End PBXVariantGroup section */

/* Begin XCBuildConfiguration section */
		D0DDC1001D20BF33003A1F39 /* Debug */ = {
			isa = XCBuildConfiguration;
			buildSettings = {
				ALWAYS_SEARCH_USER_PATHS = NO;
				CLANG_ANALYZER_NONNULL = YES;
				CLANG_CXX_LANGUAGE_STANDARD = "gnu++0x";
				CLANG_CXX_LIBRARY = "libc++";
				CLANG_ENABLE_MODULES = YES;
				CLANG_ENABLE_OBJC_ARC = YES;
				CLANG_WARN_BOOL_CONVERSION = YES;
				CLANG_WARN_CONSTANT_CONVERSION = YES;
				CLANG_WARN_DIRECT_OBJC_ISA_USAGE = YES_ERROR;
				CLANG_WARN_EMPTY_BODY = YES;
				CLANG_WARN_ENUM_CONVERSION = YES;
				CLANG_WARN_INT_CONVERSION = YES;
				CLANG_WARN_OBJC_ROOT_CLASS = YES_ERROR;
				CLANG_WARN_UNREACHABLE_CODE = YES;
				CLANG_WARN__DUPLICATE_METHOD_MATCH = YES;
				"CODE_SIGN_IDENTITY[sdk=iphoneos*]" = "iPhone Developer";
				COPY_PHASE_STRIP = NO;
				DEBUG_INFORMATION_FORMAT = dwarf;
				ENABLE_STRICT_OBJC_MSGSEND = YES;
				ENABLE_TESTABILITY = YES;
				GCC_C_LANGUAGE_STANDARD = gnu99;
				GCC_DYNAMIC_NO_PIC = NO;
				GCC_NO_COMMON_BLOCKS = YES;
				GCC_OPTIMIZATION_LEVEL = 0;
				GCC_PREPROCESSOR_DEFINITIONS = (
					"DEBUG=1",
					"$(inherited)",
				);
				GCC_WARN_64_TO_32_BIT_CONVERSION = YES;
				GCC_WARN_ABOUT_RETURN_TYPE = YES_ERROR;
				GCC_WARN_UNDECLARED_SELECTOR = YES;
				GCC_WARN_UNINITIALIZED_AUTOS = YES_AGGRESSIVE;
				GCC_WARN_UNUSED_FUNCTION = YES;
				GCC_WARN_UNUSED_VARIABLE = YES;
				IPHONEOS_DEPLOYMENT_TARGET = 9.3;
				MTL_ENABLE_DEBUG_INFO = YES;
				ONLY_ACTIVE_ARCH = YES;
				SDKROOT = iphoneos;
			};
			name = Debug;
		};
		D0DDC1011D20BF33003A1F39 /* Release */ = {
			isa = XCBuildConfiguration;
			buildSettings = {
				ALWAYS_SEARCH_USER_PATHS = NO;
				CLANG_ANALYZER_NONNULL = YES;
				CLANG_CXX_LANGUAGE_STANDARD = "gnu++0x";
				CLANG_CXX_LIBRARY = "libc++";
				CLANG_ENABLE_MODULES = YES;
				CLANG_ENABLE_OBJC_ARC = YES;
				CLANG_WARN_BOOL_CONVERSION = YES;
				CLANG_WARN_CONSTANT_CONVERSION = YES;
				CLANG_WARN_DIRECT_OBJC_ISA_USAGE = YES_ERROR;
				CLANG_WARN_EMPTY_BODY = YES;
				CLANG_WARN_ENUM_CONVERSION = YES;
				CLANG_WARN_INT_CONVERSION = YES;
				CLANG_WARN_OBJC_ROOT_CLASS = YES_ERROR;
				CLANG_WARN_UNREACHABLE_CODE = YES;
				CLANG_WARN__DUPLICATE_METHOD_MATCH = YES;
				"CODE_SIGN_IDENTITY[sdk=iphoneos*]" = "iPhone Developer";
				COPY_PHASE_STRIP = NO;
				DEBUG_INFORMATION_FORMAT = "dwarf-with-dsym";
				ENABLE_NS_ASSERTIONS = NO;
				ENABLE_STRICT_OBJC_MSGSEND = YES;
				GCC_C_LANGUAGE_STANDARD = gnu99;
				GCC_NO_COMMON_BLOCKS = YES;
				GCC_WARN_64_TO_32_BIT_CONVERSION = YES;
				GCC_WARN_ABOUT_RETURN_TYPE = YES_ERROR;
				GCC_WARN_UNDECLARED_SELECTOR = YES;
				GCC_WARN_UNINITIALIZED_AUTOS = YES_AGGRESSIVE;
				GCC_WARN_UNUSED_FUNCTION = YES;
				GCC_WARN_UNUSED_VARIABLE = YES;
				IPHONEOS_DEPLOYMENT_TARGET = 9.3;
				MTL_ENABLE_DEBUG_INFO = NO;
				SDKROOT = iphoneos;
				VALIDATE_PRODUCT = YES;
			};
			name = Release;
		};
		D0DDC1031D20BF33003A1F39 /* Debug */ = {
			isa = XCBuildConfiguration;
			baseConfigurationReference = A6DFCFB74DFA6835054558B7 /* Pods-VCWeb.debug.xcconfig */;
			buildSettings = {
				ASSETCATALOG_COMPILER_APPICON_NAME = AppIcon;
				CODE_SIGN_IDENTITY = "iPhone Developer: Tang Guifu (S9F8UAV44T)";
				INFOPLIST_FILE = VCWeb/Info.plist;
				IPHONEOS_DEPLOYMENT_TARGET = 7.0;
				LD_RUNPATH_SEARCH_PATHS = "$(inherited) @executable_path/Frameworks";
				PRODUCT_BUNDLE_IDENTIFIER = com.vcainfo.dscyz;
				PRODUCT_NAME = "$(TARGET_NAME)";
				PROVISIONING_PROFILE = "aaeaf85d-ddc2-43ac-b573-36f05917cfde";
			};
			name = Debug;
		};
		D0DDC1041D20BF33003A1F39 /* Release */ = {
			isa = XCBuildConfiguration;
			baseConfigurationReference = 80738C21CFFDE20B39502C67 /* Pods-VCWeb.release.xcconfig */;
			buildSettings = {
				ASSETCATALOG_COMPILER_APPICON_NAME = AppIcon;
				CODE_SIGN_IDENTITY = "iPhone Developer: Tang Guifu (S9F8UAV44T)";
				INFOPLIST_FILE = VCWeb/Info.plist;
				IPHONEOS_DEPLOYMENT_TARGET = 7.0;
				LD_RUNPATH_SEARCH_PATHS = "$(inherited) @executable_path/Frameworks";
				PRODUCT_BUNDLE_IDENTIFIER = com.vcainfo.dscyz;
				PRODUCT_NAME = "$(TARGET_NAME)";
				PROVISIONING_PROFILE = "aaeaf85d-ddc2-43ac-b573-36f05917cfde";
			};
			name = Release;
		};
/* End XCBuildConfiguration section */

/* Begin XCConfigurationList section */
		D0DDC0E61D20BF32003A1F39 /* Build configuration list for PBXProject "VCWeb" */ = {
			isa = XCConfigurationList;
			buildConfigurations = (
				D0DDC1001D20BF33003A1F39 /* Debug */,
				D0DDC1011D20BF33003A1F39 /* Release */,
			);
			defaultConfigurationIsVisible = 0;
			defaultConfigurationName = Release;
		};
		D0DDC1021D20BF33003A1F39 /* Build configuration list for PBXNativeTarget "VCWeb" */ = {
			isa = XCConfigurationList;
			buildConfigurations = (
				D0DDC1031D20BF33003A1F39 /* Debug */,
				D0DDC1041D20BF33003A1F39 /* Release */,
			);
			defaultConfigurationIsVisible = 0;
			defaultConfigurationName = Release;
		};
/* End XCConfigurationList section */
	};
	rootObject = D0DDC0E31D20BF32003A1F39 /* Project object */;
}
